# This file belongs to the Zwik client
# it locks dependencies of your project to a known state
# please commit this file to your version control system
# 
# This file is generated automatically, do not change it!
# file is created on 2026-02-06 16:46:10.359284
# lockfile integrity: 433e64ec3d9cee032e97cfe07542b75f
script_version: '5.16'
subdir: osx-64
yaml_hash: 0fcf58afdf3311ebc6a234a98eecd61c
channel_alias: https://conda.anaconda.org
channels:
- defaults
dependencies:
- archspec=0.2.5=pyhd8ed1ab_0
- backports.zstd=1.3.0=py312h6917036_0
- black=26.1.0=pyh866005b_0
- boltons=25.0.0=pyhd8ed1ab_0
- brotli-python=1.2.0=py312h4b46afd_1
- bzip2=1.0.8=h500dc9f_8
- c-ares=1.34.6=hb5e19a0_0
- ca-certificates=2026.1.4=hbd8a1cb_0
- certifi=2026.1.4=pyhd8ed1ab_0
- cffi=2.0.0=py312he90777b_1
- charset-normalizer=3.4.4=pyhd8ed1ab_0
- click=8.3.1=pyh8f84b5b_1
- conda-libmamba-solver=25.11.0=pyhd8ed1ab_1
- conda-package-handling=2.4.0=pyh7900ff3_2
- conda-package-streaming=0.12.0=pyhd8ed1ab_0
- conda=26.1.0=py312hb401068_0
- coverage=7.13.3=py312h51361c1_0
- cpp-expected=1.3.1=h0ba0a54_0
- distro=1.9.0=pyhd8ed1ab_1
- flake8=7.3.0=pyhd8ed1ab_0
- fmt=12.1.0=hda137b5_0
- freezegun=1.5.5=pyhd8ed1ab_0
- frozendict=2.4.7=py312h80b0991_0
- h2=4.3.0=pyhcf101f3_0
- hpack=4.1.0=pyhd8ed1ab_0
- hyperframe=6.1.0=pyhd8ed1ab_0
- idna=3.11=pyhd8ed1ab_0
- importlib-metadata=8.7.0=pyhe01879c_1
- invoke=2.2.1=pyhd8ed1ab_0
- isort=7.0.0=pyhd8ed1ab_0
- jsonpatch=1.33=pyhd8ed1ab_1
- jsonpointer=3.0.0=pyhcf101f3_3
- krb5=1.21.3=h37d8d59_0
- libarchive=3.8.5=gpl_h264331f_100
- libcurl=8.18.0=h9348e2b_0
- libcxx=21.1.8=h4fb565c_2
- libedit=3.1.20250104=pl5321ha958ccf_0
- libev=4.33=h10d778d_2
- libexpat=2.7.3=heffb93a_0
- libffi=3.5.2=hd1f9c09_0
- libiconv=1.18=h57a12c2_2
- liblzma=5.8.2=h11316ed_0
- libmamba-spdlog=2.5.0=hb923e0c_0
- libmamba=2.5.0=h7fe6c55_0
- libmambapy=2.5.0=py312h0852a77_0
- libnghttp2=1.67.0=h3338091_0
- libsolv=0.7.35=h6fd32b5_0
- libsqlite=3.51.2=hb99441e_0
- libssh2=1.11.1=hed3591d_0
- libxml2-16=2.15.1=hd57b93d_1
- libxml2=2.15.1=h745d5cb_1
- libzlib=1.3.1=hd23fc13_2
- lz4-c=1.10.0=h240833e_1
- lzo=2.10=h4132b18_1002
- mccabe=0.7.0=pyhd8ed1ab_1
- menuinst=2.4.2=py312hb401068_0
- msgpack-python=1.1.2=py312hd099df3_1
- mypy_extensions=1.1.0=pyha770c72_0
- ncurses=6.5=h0622a9a_3
- nlohmann_json-abi=3.12.0=h0f90c79_1
- openssl=3.6.1=hb6871ef_1
- packaging=26.0=pyhcf101f3_0
- pathspec=1.0.4=pyhd8ed1ab_0
- platformdirs=4.5.1=pyhcf101f3_0
- pluggy=1.6.0=pyhf9edf01_1
- pybind11-abi=11=hc364b38_1
- pycodestyle=2.14.0=pyhd8ed1ab_0
- pycosat=0.6.6=py312h2f459f6_3
- pycparser=2.22=pyh29332c3_1
- pyflakes=3.4.0=pyhd8ed1ab_0
- pysocks=1.7.1=pyha55dd90_7
- python-dateutil=2.9.0.post0=pyhe01879c_2
- python=3.12.12=h74c2667_2_cpython
- python_abi=3.12=8_cp312
- pytokens=0.4.1=py312hf7082af_0
- readline=8.3=h68b038d_0
- reproc-cpp=14.2.5.post0=h240833e_0
- reproc=14.2.5.post0=h6e16a3a_0
- requests=2.32.5=pyhcf101f3_1
- ruamel.yaml.clib=0.2.15=py312hf7082af_1
- ruamel.yaml=0.18.17=py312hf7082af_2
- ruamel_yaml=0.15.80=py312h104f124_1009
- setuptools=80.10.2=pyh332efcf_0
- simdjson=4.2.4=hcb651aa_0
- six=1.17.0=pyhe01879c_1
- spdlog=1.17.0=h30f01e4_1
- tk=8.6.13=h7142dee_3
- tomli=2.4.0=pyhcf101f3_0
- tqdm=4.67.3=pyh8f84b5b_0
- truststore=0.10.4=pyhcf101f3_0
- tzdata=2025c=hc9c84f9_1
- urllib3=2.6.3=pyhd8ed1ab_0
- yaml-cpp=0.8.0=h92383a6_0
- yaml=0.2.5=h4132b18_3
- zipp=3.23.0=pyhcf101f3_1
- zstandard=0.25.0=py312h01f6755_1
- zstd=1.5.7=h3eecb57_6
